
Microsoft Visual Studio Solution File, Format Version 12.00
# Visual Studio Version 17
VisualStudioVersion = 17.11.35431.28
MinimumVisualStudioVersion = 10.0.40219.1
Project("{FAE04EC0-301F-11D3-BF4B-00C04F79EFBC}") = "D20Tek.Bookshelf.Web", "src\D20Tek.Bookshelf.Web\D20Tek.Bookshelf.Web.csproj", "{D1997C6D-0803-4C0E-8C23-746418469202}"
EndProject
Global
	GlobalSection(SolutionConfigurationPlatforms) = preSolution
		Debug|Any CPU = Debug|Any CPU
		Release|Any CPU = Release|Any CPU
	EndGlobalSection
	GlobalSection(ProjectConfigurationPlatforms) = postSolution
		{D1997C6D-0803-4C0E-8C23-746418469202}.Debug|Any CPU.ActiveCfg = Debug|Any CPU
		{D1997C6D-0803-4C0E-8C23-746418469202}.Debug|Any CPU.Build.0 = Debug|Any CPU
		{D1997C6D-0803-4C0E-8C23-746418469202}.Release|Any CPU.ActiveCfg = Release|Any CPU
		{D1997C6D-0803-4C0E-8C23-746418469202}.Release|Any CPU.Build.0 = Release|Any CPU
	EndGlobalSection
	GlobalSection(SolutionProperties) = preSolution
		HideSolutionNode = FALSE
	EndGlobalSection
	GlobalSection(ExtensibilityGlobals) = postSolution
		SolutionGuid = {1D1E6833-7C08-498F-9B18-378AEDE598F2}
	EndGlobalSection
EndGlobal
